
Microsoft Visual Studio Solution File, Format Version 12.00
# Visual Studio Version 16
VisualStudioVersion = 16.0.31205.134
MinimumVisualStudioVersion = 10.0.40219.1
Project("{FAE04EC0-301F-11D3-BF4B-00C04F79EFBC}") = "MISA.AMIS", "MISA.AMIS\MISA.AMIS.csproj", "{BA10CC0C-0792-4814-9054-75F0CA125803}"
EndProject
Project("{FAE04EC0-301F-11D3-BF4B-00C04F79EFBC}") = "MISA.AMIS.Core", "MISA.AMIS.Core\MISA.AMIS.Core.csproj", "{DEA005E5-F104-41CD-B079-0CF9A4B8C071}"
EndProject
Project("{FAE04EC0-301F-11D3-BF4B-00C04F79EFBC}") = "MISA.AMIS.Infrastructure", "MISA.AMIS.Infrastructure\MISA.AMIS.Infrastructure.csproj", "{9F15B0B5-E468-4816-87E4-E853CA8FCD2D}"
EndProject
Global
	GlobalSection(SolutionConfigurationPlatforms) = preSolution
		Debug|Any CPU = Debug|Any CPU
		Release|Any CPU = Release|Any CPU
	EndGlobalSection
	GlobalSection(ProjectConfigurationPlatforms) = postSolution
		{BA10CC0C-0792-4814-9054-75F0CA125803}.Debug|Any CPU.ActiveCfg = Debug|Any CPU
		{BA10CC0C-0792-4814-9054-75F0CA125803}.Debug|Any CPU.Build.0 = Debug|Any CPU
		{BA10CC0C-0792-4814-9054-75F0CA125803}.Release|Any CPU.ActiveCfg = Release|Any CPU
		{BA10CC0C-0792-4814-9054-75F0CA125803}.Release|Any CPU.Build.0 = Release|Any CPU
		{DEA005E5-F104-41CD-B079-0CF9A4B8C071}.Debug|Any CPU.ActiveCfg = Debug|Any CPU
		{DEA005E5-F104-41CD-B079-0CF9A4B8C071}.Debug|Any CPU.Build.0 = Debug|Any CPU
		{DEA005E5-F104-41CD-B079-0CF9A4B8C071}.Release|Any CPU.ActiveCfg = Release|Any CPU
		{DEA005E5-F104-41CD-B079-0CF9A4B8C071}.Release|Any CPU.Build.0 = Release|Any CPU
		{9F15B0B5-E468-4816-87E4-E853CA8FCD2D}.Debug|Any CPU.ActiveCfg = Debug|Any CPU
		{9F15B0B5-E468-4816-87E4-E853CA8FCD2D}.Debug|Any CPU.Build.0 = Debug|Any CPU
		{9F15B0B5-E468-4816-87E4-E853CA8FCD2D}.Release|Any CPU.ActiveCfg = Release|Any CPU
		{9F15B0B5-E468-4816-87E4-E853CA8FCD2D}.Release|Any CPU.Build.0 = Release|Any CPU
	EndGlobalSection
	GlobalSection(SolutionProperties) = preSolution
		HideSolutionNode = FALSE
	EndGlobalSection
	GlobalSection(ExtensibilityGlobals) = postSolution
		SolutionGuid = {37FD68CF-6EDC-4D11-80FB-0B1D31AB9D17}
	EndGlobalSection
EndGlobal
